{
  "name": "Transcendence42",
  "lockfileVersion": 3,
  "requires": true,
  "packages": {
    "": {
      "dependencies": {
        "@auth0/auth0-spa-js": "^2.1.2"
      }
    },
    "node_modules/@auth0/auth0-spa-js": {
      "version": "2.1.2",
      "resolved": "https://registry.npmjs.org/@auth0/auth0-spa-js/-/auth0-spa-js-2.1.2.tgz",
      "integrity": "sha512-xdA65Z/U7++Y7L9Uwh8Q8OVOs6qgFz+fb7GAzHFjpr1icO37B//xdzLXm7ZRgA19RWrsNe1nme3h896igJSvvw=="
    }
  }
}
